
Microsoft Visual Studio Solution File, Format Version 11.00
# Visual Studio 2010
Project("{FAE04EC0-301F-11D3-BF4B-00C04F79EFBC}") = "RExHost", "RExHost\RExHost.csproj", "{F7C19C08-3E91-44C6-92C5-E1197B8A47FB}"
EndProject
Project("{FAE04EC0-301F-11D3-BF4B-00C04F79EFBC}") = "RExService", "RExService\RExService.csproj", "{37444A9E-E6AE-4368-988F-075803D73459}"
EndProject
Project("{FAE04EC0-301F-11D3-BF4B-00C04F79EFBC}") = "RExUser", "RExUser\RExUser.csproj", "{8CC53948-6EA7-49EB-B5DB-AF0060C7F36A}"
	ProjectSection(ProjectDependencies) = postProject
		{37444A9E-E6AE-4368-988F-075803D73459} = {37444A9E-E6AE-4368-988F-075803D73459}
	EndProjectSection
EndProject
Global
	GlobalSection(SolutionConfigurationPlatforms) = preSolution
		Debug|Any CPU = Debug|Any CPU
		Debug|Mixed Platforms = Debug|Mixed Platforms
		Debug|x86 = Debug|x86
		Release|Any CPU = Release|Any CPU
		Release|Mixed Platforms = Release|Mixed Platforms
		Release|x86 = Release|x86
	EndGlobalSection
	GlobalSection(ProjectConfigurationPlatforms) = postSolution
		{F7C19C08-3E91-44C6-92C5-E1197B8A47FB}.Debug|Any CPU.ActiveCfg = Debug|x86
		{F7C19C08-3E91-44C6-92C5-E1197B8A47FB}.Debug|Mixed Platforms.ActiveCfg = Debug|x86
		{F7C19C08-3E91-44C6-92C5-E1197B8A47FB}.Debug|Mixed Platforms.Build.0 = Debug|x86
		{F7C19C08-3E91-44C6-92C5-E1197B8A47FB}.Debug|x86.ActiveCfg = Debug|x86
		{F7C19C08-3E91-44C6-92C5-E1197B8A47FB}.Debug|x86.Build.0 = Debug|x86
		{F7C19C08-3E91-44C6-92C5-E1197B8A47FB}.Release|Any CPU.ActiveCfg = Release|x86
		{F7C19C08-3E91-44C6-92C5-E1197B8A47FB}.Release|Mixed Platforms.ActiveCfg = Release|x86
		{F7C19C08-3E91-44C6-92C5-E1197B8A47FB}.Release|Mixed Platforms.Build.0 = Release|x86
		{F7C19C08-3E91-44C6-92C5-E1197B8A47FB}.Release|x86.ActiveCfg = Release|x86
		{F7C19C08-3E91-44C6-92C5-E1197B8A47FB}.Release|x86.Build.0 = Release|x86
		{37444A9E-E6AE-4368-988F-075803D73459}.Debug|Any CPU.ActiveCfg = Debug|Any CPU
		{37444A9E-E6AE-4368-988F-075803D73459}.Debug|Any CPU.Build.0 = Debug|Any CPU
		{37444A9E-E6AE-4368-988F-075803D73459}.Debug|Mixed Platforms.ActiveCfg = Debug|Any CPU
		{37444A9E-E6AE-4368-988F-075803D73459}.Debug|Mixed Platforms.Build.0 = Debug|Any CPU
		{37444A9E-E6AE-4368-988F-075803D73459}.Debug|x86.ActiveCfg = Debug|Any CPU
		{37444A9E-E6AE-4368-988F-075803D73459}.Release|Any CPU.ActiveCfg = Release|Any CPU
		{37444A9E-E6AE-4368-988F-075803D73459}.Release|Any CPU.Build.0 = Release|Any CPU
		{37444A9E-E6AE-4368-988F-075803D73459}.Release|Mixed Platforms.ActiveCfg = Release|Any CPU
		{37444A9E-E6AE-4368-988F-075803D73459}.Release|Mixed Platforms.Build.0 = Release|Any CPU
		{37444A9E-E6AE-4368-988F-075803D73459}.Release|x86.ActiveCfg = Release|Any CPU
		{8CC53948-6EA7-49EB-B5DB-AF0060C7F36A}.Debug|Any CPU.ActiveCfg = Debug|x86
		{8CC53948-6EA7-49EB-B5DB-AF0060C7F36A}.Debug|Mixed Platforms.ActiveCfg = Debug|x86
		{8CC53948-6EA7-49EB-B5DB-AF0060C7F36A}.Debug|x86.ActiveCfg = Debug|x86
		{8CC53948-6EA7-49EB-B5DB-AF0060C7F36A}.Debug|x86.Build.0 = Debug|x86
		{8CC53948-6EA7-49EB-B5DB-AF0060C7F36A}.Release|Any CPU.ActiveCfg = Release|x86
		{8CC53948-6EA7-49EB-B5DB-AF0060C7F36A}.Release|Mixed Platforms.ActiveCfg = Release|x86
		{8CC53948-6EA7-49EB-B5DB-AF0060C7F36A}.Release|Mixed Platforms.Build.0 = Release|x86
		{8CC53948-6EA7-49EB-B5DB-AF0060C7F36A}.Release|x86.ActiveCfg = Release|x86
		{8CC53948-6EA7-49EB-B5DB-AF0060C7F36A}.Release|x86.Build.0 = Release|x86
	EndGlobalSection
	GlobalSection(SolutionProperties) = preSolution
		HideSolutionNode = FALSE
	EndGlobalSection
EndGlobal
